
Microsoft Visual Studio Solution File, Format Version 12.00
# Visual Studio Version 17
VisualStudioVersion = 17.8.34525.116
MinimumVisualStudioVersion = 10.0.40219.1
Project("{FAE04EC0-301F-11D3-BF4B-00C04F79EFBC}") = "darkpane", "darkpane\darkpane.csproj", "{2770B26B-5624-4271-8F02-909A785805BA}"
EndProject
Global
	GlobalSection(SolutionConfigurationPlatforms) = preSolution
		Debug|Any CPU = Debug|Any CPU
		Release|Any CPU = Release|Any CPU
	EndGlobalSection
	GlobalSection(ProjectConfigurationPlatforms) = postSolution
		{2770B26B-5624-4271-8F02-909A785805BA}.Debug|Any CPU.ActiveCfg = Debug|Any CPU
		{2770B26B-5624-4271-8F02-909A785805BA}.Debug|Any CPU.Build.0 = Debug|Any CPU
		{2770B26B-5624-4271-8F02-909A785805BA}.Release|Any CPU.ActiveCfg = Release|Any CPU
		{2770B26B-5624-4271-8F02-909A785805BA}.Release|Any CPU.Build.0 = Release|Any CPU
	EndGlobalSection
	GlobalSection(SolutionProperties) = preSolution
		HideSolutionNode = FALSE
	EndGlobalSection
	GlobalSection(ExtensibilityGlobals) = postSolution
		SolutionGuid = {F8003812-CDB1-4CC2-AAEF-EEA6262F9C6C}
	EndGlobalSection
EndGlobal
